
Microsoft Visual Studio Solution File, Format Version 12.00
# Visual Studio 14
VisualStudioVersion = 14.0.25123.0
MinimumVisualStudioVersion = 10.0.40219.1
Project("{FAE04EC0-301F-11D3-BF4B-00C04F79EFBC}") = "TestIOTHubApp", "TestIOTHubApp\TestIOTHubApp.csproj", "{5A993051-C60E-41E4-8C2C-0B4475FB7B71}"
EndProject
Project("{FAE04EC0-301F-11D3-BF4B-00C04F79EFBC}") = "ReadDeviceToCloudMessages", "ReadDeviceToCloudMessages\ReadDeviceToCloudMessages.csproj", "{84FAF88E-4F66-4E11-9ADD-7AEA84690B93}"
EndProject
Project("{FAE04EC0-301F-11D3-BF4B-00C04F79EFBC}") = "TestReadFromHub", "..\TestReadFromHub\TestReadFromHub\TestReadFromHub.csproj", "{508E31CE-119C-4370-B20F-6D751729E9AD}"
EndProject
Global
	GlobalSection(SolutionConfigurationPlatforms) = preSolution
		Debug|Any CPU = Debug|Any CPU
		Release|Any CPU = Release|Any CPU
	EndGlobalSection
	GlobalSection(ProjectConfigurationPlatforms) = postSolution
		{5A993051-C60E-41E4-8C2C-0B4475FB7B71}.Debug|Any CPU.ActiveCfg = Debug|Any CPU
		{5A993051-C60E-41E4-8C2C-0B4475FB7B71}.Debug|Any CPU.Build.0 = Debug|Any CPU
		{5A993051-C60E-41E4-8C2C-0B4475FB7B71}.Release|Any CPU.ActiveCfg = Release|Any CPU
		{5A993051-C60E-41E4-8C2C-0B4475FB7B71}.Release|Any CPU.Build.0 = Release|Any CPU
		{84FAF88E-4F66-4E11-9ADD-7AEA84690B93}.Debug|Any CPU.ActiveCfg = Debug|Any CPU
		{84FAF88E-4F66-4E11-9ADD-7AEA84690B93}.Debug|Any CPU.Build.0 = Debug|Any CPU
		{84FAF88E-4F66-4E11-9ADD-7AEA84690B93}.Release|Any CPU.ActiveCfg = Release|Any CPU
		{84FAF88E-4F66-4E11-9ADD-7AEA84690B93}.Release|Any CPU.Build.0 = Release|Any CPU
		{508E31CE-119C-4370-B20F-6D751729E9AD}.Debug|Any CPU.ActiveCfg = Debug|Any CPU
		{508E31CE-119C-4370-B20F-6D751729E9AD}.Debug|Any CPU.Build.0 = Debug|Any CPU
		{508E31CE-119C-4370-B20F-6D751729E9AD}.Release|Any CPU.ActiveCfg = Release|Any CPU
		{508E31CE-119C-4370-B20F-6D751729E9AD}.Release|Any CPU.Build.0 = Release|Any CPU
	EndGlobalSection
	GlobalSection(SolutionProperties) = preSolution
		HideSolutionNode = FALSE
	EndGlobalSection
	GlobalSection(ExtensibilityGlobals) = postSolution
		EnterpriseLibraryConfigurationToolBinariesPathV6 = packages\EnterpriseLibrary.TransientFaultHandling.6.0.1304.0\lib\portable-net45+win+wp8
	EndGlobalSection
EndGlobal
